// !$*UTF8*$!
{
	archiveVersion = 1;
	classes = {
	};
	objectVersion = 55;
	objects = {

/* Begin PBXBuildFile section */
		8F12C3AD28B6819C004FBC8B /* AudioPlayer.swift in Sources */ = {isa = PBXBuildFile; fileRef = 8F12C3AC28B6819C004FBC8B /* AudioPlayer.swift */; };
		8F12C3B428B72D47004FBC8B /* CardContentModel.swift in Sources */ = {isa = PBXBuildFile; fileRef = 8F12C3B328B72D47004FBC8B /* CardContentModel.swift */; };
		8F12C3B628B7334F004FBC8B /* CardModel.swift in Sources */ = {isa = PBXBuildFile; fileRef = 8F12C3B528B7334F004FBC8B /* CardModel.swift */; };
		8F12C3B928B7343F004FBC8B /* CardFrontContentView.swift in Sources */ = {isa = PBXBuildFile; fileRef = 8F12C3B828B7343F004FBC8B /* CardFrontContentView.swift */; };
		8F12C3BB28B73486004FBC8B /* CardBackContentView.swift in Sources */ = {isa = PBXBuildFile; fileRef = 8F12C3BA28B73486004FBC8B /* CardBackContentView.swift */; };
		8F12C3BD28B735D3004FBC8B /* CardView.swift in Sources */ = {isa = PBXBuildFile; fileRef = 8F12C3BC28B735D3004FBC8B /* CardView.swift */; };
		8F12C3BF28B75321004FBC8B /* CardGridView.swift in Sources */ = {isa = PBXBuildFile; fileRef = 8F12C3BE28B75321004FBC8B /* CardGridView.swift */; };
		8F12C3C128B766F1004FBC8B /* GameScreenView.swift in Sources */ = {isa = PBXBuildFile; fileRef = 8F12C3C028B766F1004FBC8B /* GameScreenView.swift */; };
		8F12C3C328B7BBF0004FBC8B /* DifficultyLevelModel.swift in Sources */ = {isa = PBXBuildFile; fileRef = 8F12C3C228B7BBF0004FBC8B /* DifficultyLevelModel.swift */; };
		8F165F4128AE352E00BC090E /* ShinkeiSuijakuApp.swift in Sources */ = {isa = PBXBuildFile; fileRef = 8F165F4028AE352E00BC090E /* ShinkeiSuijakuApp.swift */; };
		8F165F4528AE353000BC090E /* Assets.xcassets in Resources */ = {isa = PBXBuildFile; fileRef = 8F165F4428AE353000BC090E /* Assets.xcassets */; };
		8F165F4828AE353000BC090E /* Preview Assets.xcassets in Resources */ = {isa = PBXBuildFile; fileRef = 8F165F4728AE353000BC090E /* Preview Assets.xcassets */; };
		8F165F4D28AE353000BC090E /* ShinkeiSuijaku.xcdatamodeld in Sources */ = {isa = PBXBuildFile; fileRef = 8F165F4B28AE353000BC090E /* ShinkeiSuijaku.xcdatamodeld */; };
		8F235CED28B2716200B00393 /* flip.mp3 in Resources */ = {isa = PBXBuildFile; fileRef = 8F235CEC28B2716200B00393 /* flip.mp3 */; };
		8F235CF528B2718200B00393 /* tap.mp3 in Resources */ = {isa = PBXBuildFile; fileRef = 8F235CEF28B2717F00B00393 /* tap.mp3 */; };
		8F235CF628B2718200B00393 /* giveup.mp3 in Resources */ = {isa = PBXBuildFile; fileRef = 8F235CF028B2718000B00393 /* giveup.mp3 */; };
		8F235CF728B2718200B00393 /* match.mp3 in Resources */ = {isa = PBXBuildFile; fileRef = 8F235CF128B2718000B00393 /* match.mp3 */; };
		8F235CF828B2718200B00393 /* ingame.mp3 in Resources */ = {isa = PBXBuildFile; fileRef = 8F235CF228B2718100B00393 /* ingame.mp3 */; };
		8F235CF928B2718200B00393 /* opening.mp3 in Resources */ = {isa = PBXBuildFile; fileRef = 8F235CF328B2718100B00393 /* opening.mp3 */; };
		8F235CFA28B2718200B00393 /* win.mp3 in Resources */ = {isa = PBXBuildFile; fileRef = 8F235CF428B2718200B00393 /* win.mp3 */; };
		8F235CFF28B4D70300B00393 /* TitleScreenView.swift in Sources */ = {isa = PBXBuildFile; fileRef = 8F235CFE28B4D70300B00393 /* TitleScreenView.swift */; };
		8F235D0128B4D71E00B00393 /* State.swift in Sources */ = {isa = PBXBuildFile; fileRef = 8F235D0028B4D71E00B00393 /* State.swift */; };
		8F235D0428B4D74600B00393 /* GameStateModel.swift in Sources */ = {isa = PBXBuildFile; fileRef = 8F235D0328B4D74600B00393 /* GameStateModel.swift */; };
		8F235D0628B4D79000B00393 /* Store.swift in Sources */ = {isa = PBXBuildFile; fileRef = 8F235D0528B4D79000B00393 /* Store.swift */; };
		8F235D0828B4D9EF00B00393 /* ContentView.swift in Sources */ = {isa = PBXBuildFile; fileRef = 8F235D0728B4D9EF00B00393 /* ContentView.swift */; };
		8F235D0B28B6013D00B00393 /* Buttons.swift in Sources */ = {isa = PBXBuildFile; fileRef = 8F235D0A28B6013D00B00393 /* Buttons.swift */; };
		8F235D0D28B6017E00B00393 /* TextFields.swift in Sources */ = {isa = PBXBuildFile; fileRef = 8F235D0C28B6017E00B00393 /* TextFields.swift */; };
		8F235D0F28B605A300B00393 /* MenuScreenView.swift in Sources */ = {isa = PBXBuildFile; fileRef = 8F235D0E28B605A300B00393 /* MenuScreenView.swift */; };
		8F235D1128B60E5D00B00393 /* Reducer.swift in Sources */ = {isa = PBXBuildFile; fileRef = 8F235D1028B60E5D00B00393 /* Reducer.swift */; };
		8F235D1328B60E7400B00393 /* Action.swift in Sources */ = {isa = PBXBuildFile; fileRef = 8F235D1228B60E7400B00393 /* Action.swift */; };
		8F235D1528B6143100B00393 /* HowToPlayScreenView.swift in Sources */ = {isa = PBXBuildFile; fileRef = 8F235D1428B6143100B00393 /* HowToPlayScreenView.swift */; };
/* End PBXBuildFile section */

/* Begin PBXFileReference section */
		8F12C3AC28B6819C004FBC8B /* AudioPlayer.swift */ = {isa = PBXFileReference; lastKnownFileType = sourcecode.swift; path = AudioPlayer.swift; sourceTree = "<group>"; };
		8F12C3B328B72D47004FBC8B /* CardContentModel.swift */ = {isa = PBXFileReference; lastKnownFileType = sourcecode.swift; path = CardContentModel.swift; sourceTree = "<group>"; };
		8F12C3B528B7334F004FBC8B /* CardModel.swift */ = {isa = PBXFileReference; lastKnownFileType = sourcecode.swift; path = CardModel.swift; sourceTree = "<group>"; };
		8F12C3B828B7343F004FBC8B /* CardFrontContentView.swift */ = {isa = PBXFileReference; lastKnownFileType = sourcecode.swift; path = CardFrontContentView.swift; sourceTree = "<group>"; };
		8F12C3BA28B73486004FBC8B /* CardBackContentView.swift */ = {isa = PBXFileReference; lastKnownFileType = sourcecode.swift; path = CardBackContentView.swift; sourceTree = "<group>"; };
		8F12C3BC28B735D3004FBC8B /* CardView.swift */ = {isa = PBXFileReference; lastKnownFileType = sourcecode.swift; path = CardView.swift; sourceTree = "<group>"; };
		8F12C3BE28B75321004FBC8B /* CardGridView.swift */ = {isa = PBXFileReference; lastKnownFileType = sourcecode.swift; path = CardGridView.swift; sourceTree = "<group>"; };
		8F12C3C028B766F1004FBC8B /* GameScreenView.swift */ = {isa = PBXFileReference; lastKnownFileType = sourcecode.swift; path = GameScreenView.swift; sourceTree = "<group>"; };
		8F12C3C228B7BBF0004FBC8B /* DifficultyLevelModel.swift */ = {isa = PBXFileReference; lastKnownFileType = sourcecode.swift; path = DifficultyLevelModel.swift; sourceTree = "<group>"; };
		8F165F3D28AE352E00BC090E /* ShinkeiSuijaku.app */ = {isa = PBXFileReference; explicitFileType = wrapper.application; includeInIndex = 0; path = ShinkeiSuijaku.app; sourceTree = BUILT_PRODUCTS_DIR; };
		8F165F4028AE352E00BC090E /* ShinkeiSuijakuApp.swift */ = {isa = PBXFileReference; lastKnownFileType = sourcecode.swift; path = ShinkeiSuijakuApp.swift; sourceTree = "<group>"; };
		8F165F4428AE353000BC090E /* Assets.xcassets */ = {isa = PBXFileReference; lastKnownFileType = folder.assetcatalog; path = Assets.xcassets; sourceTree = "<group>"; };
		8F165F4728AE353000BC090E /* Preview Assets.xcassets */ = {isa = PBXFileReference; lastKnownFileType = folder.assetcatalog; path = "Preview Assets.xcassets"; sourceTree = "<group>"; };
		8F165F4C28AE353000BC090E /* ShinkeiSuijaku.xcdatamodel */ = {isa = PBXFileReference; lastKnownFileType = wrapper.xcdatamodel; path = ShinkeiSuijaku.xcdatamodel; sourceTree = "<group>"; };
		8F235CEC28B2716200B00393 /* flip.mp3 */ = {isa = PBXFileReference; lastKnownFileType = audio.mp3; path = flip.mp3; sourceTree = "<group>"; };
		8F235CEF28B2717F00B00393 /* tap.mp3 */ = {isa = PBXFileReference; lastKnownFileType = audio.mp3; path = tap.mp3; sourceTree = "<group>"; };
		8F235CF028B2718000B00393 /* giveup.mp3 */ = {isa = PBXFileReference; lastKnownFileType = audio.mp3; path = giveup.mp3; sourceTree = "<group>"; };
		8F235CF128B2718000B00393 /* match.mp3 */ = {isa = PBXFileReference; lastKnownFileType = audio.mp3; path = match.mp3; sourceTree = "<group>"; };
		8F235CF228B2718100B00393 /* ingame.mp3 */ = {isa = PBXFileReference; lastKnownFileType = audio.mp3; path = ingame.mp3; sourceTree = "<group>"; };
		8F235CF328B2718100B00393 /* opening.mp3 */ = {isa = PBXFileReference; lastKnownFileType = audio.mp3; path = opening.mp3; sourceTree = "<group>"; };
		8F235CF428B2718200B00393 /* win.mp3 */ = {isa = PBXFileReference; lastKnownFileType = audio.mp3; path = win.mp3; sourceTree = "<group>"; };
		8F235CFE28B4D70300B00393 /* TitleScreenView.swift */ = {isa = PBXFileReference; lastKnownFileType = sourcecode.swift; path = TitleScreenView.swift; sourceTree = "<group>"; };
		8F235D0028B4D71E00B00393 /* State.swift */ = {isa = PBXFileReference; lastKnownFileType = sourcecode.swift; path = State.swift; sourceTree = "<group>"; };
		8F235D0328B4D74600B00393 /* GameStateModel.swift */ = {isa = PBXFileReference; lastKnownFileType = sourcecode.swift; path = GameStateModel.swift; sourceTree = "<group>"; };
		8F235D0528B4D79000B00393 /* Store.swift */ = {isa = PBXFileReference; lastKnownFileType = sourcecode.swift; path = Store.swift; sourceTree = "<group>"; };
		8F235D0728B4D9EF00B00393 /* ContentView.swift */ = {isa = PBXFileReference; lastKnownFileType = sourcecode.swift; path = ContentView.swift; sourceTree = "<group>"; };
		8F235D0A28B6013D00B00393 /* Buttons.swift */ = {isa = PBXFileReference; lastKnownFileType = sourcecode.swift; path = Buttons.swift; sourceTree = "<group>"; };
		8F235D0C28B6017E00B00393 /* TextFields.swift */ = {isa = PBXFileReference; lastKnownFileType = sourcecode.swift; path = TextFields.swift; sourceTree = "<group>"; };
		8F235D0E28B605A300B00393 /* MenuScreenView.swift */ = {isa = PBXFileReference; lastKnownFileType = sourcecode.swift; path = MenuScreenView.swift; sourceTree = "<group>"; };
		8F235D1028B60E5D00B00393 /* Reducer.swift */ = {isa = PBXFileReference; lastKnownFileType = sourcecode.swift; path = Reducer.swift; sourceTree = "<group>"; };
		8F235D1228B60E7400B00393 /* Action.swift */ = {isa = PBXFileReference; lastKnownFileType = sourcecode.swift; path = Action.swift; sourceTree = "<group>"; };
		8F235D1428B6143100B00393 /* HowToPlayScreenView.swift */ = {isa = PBXFileReference; lastKnownFileType = sourcecode.swift; path = HowToPlayScreenView.swift; sourceTree = "<group>"; };
/* End PBXFileReference section */

/* Begin PBXFrameworksBuildPhase section */
		8F165F3A28AE352E00BC090E /* Frameworks */ = {
			isa = PBXFrameworksBuildPhase;
			buildActionMask = 2147483647;
			files = (
			);
			runOnlyForDeploymentPostprocessing = 0;
		};
/* End PBXFrameworksBuildPhase section */

/* Begin PBXGroup section */
		8F12C3AB28B6817F004FBC8B /* Helpers */ = {
			isa = PBXGroup;
			children = (
				8F12C3AC28B6819C004FBC8B /* AudioPlayer.swift */,
			);
			path = Helpers;
			sourceTree = "<group>";
		};
		8F12C3B728B7342E004FBC8B /* Cards */ = {
			isa = PBXGroup;
			children = (
				8F12C3B828B7343F004FBC8B /* CardFrontContentView.swift */,
				8F12C3BA28B73486004FBC8B /* CardBackContentView.swift */,
				8F12C3BC28B735D3004FBC8B /* CardView.swift */,
				8F12C3BE28B75321004FBC8B /* CardGridView.swift */,
			);
			path = Cards;
			sourceTree = "<group>";
		};
		8F165F3428AE352D00BC090E = {
			isa = PBXGroup;
			children = (
				8F165F3F28AE352E00BC090E /* ShinkeiSuijaku */,
				8F165F3E28AE352E00BC090E /* Products */,
			);
			sourceTree = "<group>";
		};
		8F165F3E28AE352E00BC090E /* Products */ = {
			isa = PBXGroup;
			children = (
				8F165F3D28AE352E00BC090E /* ShinkeiSuijaku.app */,
			);
			name = Products;
			sourceTree = "<group>";
		};
		8F165F3F28AE352E00BC090E /* ShinkeiSuijaku */ = {
			isa = PBXGroup;
			children = (
				8F12C3AB28B6817F004FBC8B /* Helpers */,
				8F235D0928B6010100B00393 /* CustomStyles */,
				8F235CFD28B4D6CC00B00393 /* Redux */,
				8F235CFC28B4D6C500B00393 /* Models */,
				8F235CFB28B4D6BE00B00393 /* Views */,
				8F235CEE28B2716A00B00393 /* Sounds */,
				8F165F4028AE352E00BC090E /* ShinkeiSuijakuApp.swift */,
				8F235D0728B4D9EF00B00393 /* ContentView.swift */,
				8F165F4428AE353000BC090E /* Assets.xcassets */,
				8F165F4B28AE353000BC090E /* ShinkeiSuijaku.xcdatamodeld */,
				8F165F4628AE353000BC090E /* Preview Content */,
			);
			path = ShinkeiSuijaku;
			sourceTree = "<group>";
		};
		8F165F4628AE353000BC090E /* Preview Content */ = {
			isa = PBXGroup;
			children = (
				8F165F4728AE353000BC090E /* Preview Assets.xcassets */,
			);
			path = "Preview Content";
			sourceTree = "<group>";
		};
		8F235CEE28B2716A00B00393 /* Sounds */ = {
			isa = PBXGroup;
			children = (
				8F235CF028B2718000B00393 /* giveup.mp3 */,
				8F235CF228B2718100B00393 /* ingame.mp3 */,
				8F235CF128B2718000B00393 /* match.mp3 */,
				8F235CF328B2718100B00393 /* opening.mp3 */,
				8F235CEF28B2717F00B00393 /* tap.mp3 */,
				8F235CF428B2718200B00393 /* win.mp3 */,
				8F235CEC28B2716200B00393 /* flip.mp3 */,
			);
			path = Sounds;
			sourceTree = "<group>";
		};
		8F235CFB28B4D6BE00B00393 /* Views */ = {
			isa = PBXGroup;
			children = (
				8F12C3B728B7342E004FBC8B /* Cards */,
				8F235CFE28B4D70300B00393 /* TitleScreenView.swift */,
				8F235D0E28B605A300B00393 /* MenuScreenView.swift */,
				8F235D1428B6143100B00393 /* HowToPlayScreenView.swift */,
				8F12C3C028B766F1004FBC8B /* GameScreenView.swift */,
			);
			path = Views;
			sourceTree = "<group>";
		};
		8F235CFC28B4D6C500B00393 /* Models */ = {
			isa = PBXGroup;
			children = (
				8F235D0328B4D74600B00393 /* GameStateModel.swift */,
				8F12C3B328B72D47004FBC8B /* CardContentModel.swift */,
				8F12C3B528B7334F004FBC8B /* CardModel.swift */,
				8F12C3C228B7BBF0004FBC8B /* DifficultyLevelModel.swift */,
			);
			path = Models;
			sourceTree = "<group>";
		};
		8F235CFD28B4D6CC00B00393 /* Redux */ = {
			isa = PBXGroup;
			children = (
				8F235D0028B4D71E00B00393 /* State.swift */,
				8F235D0528B4D79000B00393 /* Store.swift */,
				8F235D1028B60E5D00B00393 /* Reducer.swift */,
				8F235D1228B60E7400B00393 /* Action.swift */,
			);
			path = Redux;
			sourceTree = "<group>";
		};
		8F235D0928B6010100B00393 /* CustomStyles */ = {
			isa = PBXGroup;
			children = (
				8F235D0A28B6013D00B00393 /* Buttons.swift */,
				8F235D0C28B6017E00B00393 /* TextFields.swift */,
			);
			path = CustomStyles;
			sourceTree = "<group>";
		};
/* End PBXGroup section */

/* Begin PBXNativeTarget section */
		8F165F3C28AE352E00BC090E /* ShinkeiSuijaku */ = {
			isa = PBXNativeTarget;
			buildConfigurationList = 8F165F5028AE353000BC090E /* Build configuration list for PBXNativeTarget "ShinkeiSuijaku" */;
			buildPhases = (
				8F165F3928AE352E00BC090E /* Sources */,
				8F165F3A28AE352E00BC090E /* Frameworks */,
				8F165F3B28AE352E00BC090E /* Resources */,
			);
			buildRules = (
			);
			dependencies = (
			);
			name = ShinkeiSuijaku;
			productName = ShinkeiSuijaku;
			productReference = 8F165F3D28AE352E00BC090E /* ShinkeiSuijaku.app */;
			productType = "com.apple.product-type.application";
		};
/* End PBXNativeTarget section */

/* Begin PBXProject section */
		8F165F3528AE352D00BC090E /* Project object */ = {
			isa = PBXProject;
			attributes = {
				BuildIndependentTargetsInParallel = 1;
				LastSwiftUpdateCheck = 1340;
				LastUpgradeCheck = 1340;
				TargetAttributes = {
					8F165F3C28AE352E00BC090E = {
						CreatedOnToolsVersion = 13.4.1;
					};
				};
			};
			buildConfigurationList = 8F165F3828AE352D00BC090E /* Build configuration list for PBXProject "ShinkeiSuijaku" */;
			compatibilityVersion = "Xcode 13.0";
			developmentRegion = en;
			hasScannedForEncodings = 0;
			knownRegions = (
				en,
				Base,
			);
			mainGroup = 8F165F3428AE352D00BC090E;
			productRefGroup = 8F165F3E28AE352E00BC090E /* Products */;
			projectDirPath = "";
			projectRoot = "";
			targets = (
				8F165F3C28AE352E00BC090E /* ShinkeiSuijaku */,
			);
		};
/* End PBXProject section */

/* Begin PBXResourcesBuildPhase section */
		8F165F3B28AE352E00BC090E /* Resources */ = {
			isa = PBXResourcesBuildPhase;
			buildActionMask = 2147483647;
			files = (
				8F235CFA28B2718200B00393 /* win.mp3 in Resources */,
				8F235CF728B2718200B00393 /* match.mp3 in Resources */,
				8F235CF928B2718200B00393 /* opening.mp3 in Resources */,
				8F235CF828B2718200B00393 /* ingame.mp3 in Resources */,
				8F165F4828AE353000BC090E /* Preview Assets.xcassets in Resources */,
				8F235CF628B2718200B00393 /* giveup.mp3 in Resources */,
				8F165F4528AE353000BC090E /* Assets.xcassets in Resources */,
				8F235CF528B2718200B00393 /* tap.mp3 in Resources */,
				8F235CED28B2716200B00393 /* flip.mp3 in Resources */,
			);
			runOnlyForDeploymentPostprocessing = 0;
		};
/* End PBXResourcesBuildPhase section */

/* Begin PBXSourcesBuildPhase section */
		8F165F3928AE352E00BC090E /* Sources */ = {
			isa = PBXSourcesBuildPhase;
			buildActionMask = 2147483647;
			files = (
				8F235D0628B4D79000B00393 /* Store.swift in Sources */,
				8F235D1328B60E7400B00393 /* Action.swift in Sources */,
				8F12C3C128B766F1004FBC8B /* GameScreenView.swift in Sources */,
				8F165F4D28AE353000BC090E /* ShinkeiSuijaku.xcdatamodeld in Sources */,
				8F12C3B928B7343F004FBC8B /* CardFrontContentView.swift in Sources */,
				8F235D0D28B6017E00B00393 /* TextFields.swift in Sources */,
				8F235D1128B60E5D00B00393 /* Reducer.swift in Sources */,
				8F12C3B628B7334F004FBC8B /* CardModel.swift in Sources */,
				8F12C3BD28B735D3004FBC8B /* CardView.swift in Sources */,
				8F12C3B428B72D47004FBC8B /* CardContentModel.swift in Sources */,
				8F12C3AD28B6819C004FBC8B /* AudioPlayer.swift in Sources */,
				8F12C3C328B7BBF0004FBC8B /* DifficultyLevelModel.swift in Sources */,
				8F235D0F28B605A300B00393 /* MenuScreenView.swift in Sources */,
				8F235D0828B4D9EF00B00393 /* ContentView.swift in Sources */,
				8F235D1528B6143100B00393 /* HowToPlayScreenView.swift in Sources */,
				8F165F4128AE352E00BC090E /* ShinkeiSuijakuApp.swift in Sources */,
				8F12C3BB28B73486004FBC8B /* CardBackContentView.swift in Sources */,
				8F235D0128B4D71E00B00393 /* State.swift in Sources */,
				8F12C3BF28B75321004FBC8B /* CardGridView.swift in Sources */,
				8F235D0B28B6013D00B00393 /* Buttons.swift in Sources */,
				8F235CFF28B4D70300B00393 /* TitleScreenView.swift in Sources */,
				8F235D0428B4D74600B00393 /* GameStateModel.swift in Sources */,
			);
			runOnlyForDeploymentPostprocessing = 0;
		};
/* End PBXSourcesBuildPhase section */

/* Begin XCBuildConfiguration section */
		8F165F4E28AE353000BC090E /* Debug */ = {
			isa = XCBuildConfiguration;
			buildSettings = {
				ALWAYS_SEARCH_USER_PATHS = NO;
				CLANG_ANALYZER_NONNULL = YES;
				CLANG_ANALYZER_NUMBER_OBJECT_CONVERSION = YES_AGGRESSIVE;
				CLANG_CXX_LANGUAGE_STANDARD = "gnu++17";
				CLANG_ENABLE_MODULES = YES;
				CLANG_ENABLE_OBJC_ARC = YES;
				CLANG_ENABLE_OBJC_WEAK = YES;
				CLANG_WARN_BLOCK_CAPTURE_AUTORELEASING = YES;
				CLANG_WARN_BOOL_CONVERSION = YES;
				CLANG_WARN_COMMA = YES;
				CLANG_WARN_CONSTANT_CONVERSION = YES;
				CLANG_WARN_DEPRECATED_OBJC_IMPLEMENTATIONS = YES;
				CLANG_WARN_DIRECT_OBJC_ISA_USAGE = YES_ERROR;
				CLANG_WARN_DOCUMENTATION_COMMENTS = YES;
				CLANG_WARN_EMPTY_BODY = YES;
				CLANG_WARN_ENUM_CONVERSION = YES;
				CLANG_WARN_INFINITE_RECURSION = YES;
				CLANG_WARN_INT_CONVERSION = YES;
				CLANG_WARN_NON_LITERAL_NULL_CONVERSION = YES;
				CLANG_WARN_OBJC_IMPLICIT_RETAIN_SELF = YES;
				CLANG_WARN_OBJC_LITERAL_CONVERSION = YES;
				CLANG_WARN_OBJC_ROOT_CLASS = YES_ERROR;
				CLANG_WARN_QUOTED_INCLUDE_IN_FRAMEWORK_HEADER = YES;
				CLANG_WARN_RANGE_LOOP_ANALYSIS = YES;
				CLANG_WARN_STRICT_PROTOTYPES = YES;
				CLANG_WARN_SUSPICIOUS_MOVE = YES;
				CLANG_WARN_UNGUARDED_AVAILABILITY = YES_AGGRESSIVE;
				CLANG_WARN_UNREACHABLE_CODE = YES;
				CLANG_WARN__DUPLICATE_METHOD_MATCH = YES;
				COPY_PHASE_STRIP = NO;
				DEBUG_INFORMATION_FORMAT = dwarf;
				ENABLE_STRICT_OBJC_MSGSEND = YES;
				ENABLE_TESTABILITY = YES;
				GCC_C_LANGUAGE_STANDARD = gnu11;
				GCC_DYNAMIC_NO_PIC = NO;
				GCC_NO_COMMON_BLOCKS = YES;
				GCC_OPTIMIZATION_LEVEL = 0;
				GCC_PREPROCESSOR_DEFINITIONS = (
					"DEBUG=1",
					"$(inherited)",
				);
				GCC_WARN_64_TO_32_BIT_CONVERSION = YES;
				GCC_WARN_ABOUT_RETURN_TYPE = YES_ERROR;
				GCC_WARN_UNDECLARED_SELECTOR = YES;
				GCC_WARN_UNINITIALIZED_AUTOS = YES_AGGRESSIVE;
				GCC_WARN_UNUSED_FUNCTION = YES;
				GCC_WARN_UNUSED_VARIABLE = YES;
				IPHONEOS_DEPLOYMENT_TARGET = 15.5;
				MTL_ENABLE_DEBUG_INFO = INCLUDE_SOURCE;
				MTL_FAST_MATH = YES;
				ONLY_ACTIVE_ARCH = YES;
				SDKROOT = iphoneos;
				SWIFT_ACTIVE_COMPILATION_CONDITIONS = DEBUG;
				SWIFT_OPTIMIZATION_LEVEL = "-Onone";
			};
			name = Debug;
		};
		8F165F4F28AE353000BC090E /* Release */ = {
			isa = XCBuildConfiguration;
			buildSettings = {
				ALWAYS_SEARCH_USER_PATHS = NO;
				CLANG_ANALYZER_NONNULL = YES;
				CLANG_ANALYZER_NUMBER_OBJECT_CONVERSION = YES_AGGRESSIVE;
				CLANG_CXX_LANGUAGE_STANDARD = "gnu++17";
				CLANG_ENABLE_MODULES = YES;
				CLANG_ENABLE_OBJC_ARC = YES;
				CLANG_ENABLE_OBJC_WEAK = YES;
				CLANG_WARN_BLOCK_CAPTURE_AUTORELEASING = YES;
				CLANG_WARN_BOOL_CONVERSION = YES;
				CLANG_WARN_COMMA = YES;
				CLANG_WARN_CONSTANT_CONVERSION = YES;
				CLANG_WARN_DEPRECATED_OBJC_IMPLEMENTATIONS = YES;
				CLANG_WARN_DIRECT_OBJC_ISA_USAGE = YES_ERROR;
				CLANG_WARN_DOCUMENTATION_COMMENTS = YES;
				CLANG_WARN_EMPTY_BODY = YES;
				CLANG_WARN_ENUM_CONVERSION = YES;
				CLANG_WARN_INFINITE_RECURSION = YES;
				CLANG_WARN_INT_CONVERSION = YES;
				CLANG_WARN_NON_LITERAL_NULL_CONVERSION = YES;
				CLANG_WARN_OBJC_IMPLICIT_RETAIN_SELF = YES;
				CLANG_WARN_OBJC_LITERAL_CONVERSION = YES;
				CLANG_WARN_OBJC_ROOT_CLASS = YES_ERROR;
				CLANG_WARN_QUOTED_INCLUDE_IN_FRAMEWORK_HEADER = YES;
				CLANG_WARN_RANGE_LOOP_ANALYSIS = YES;
				CLANG_WARN_STRICT_PROTOTYPES = YES;
				CLANG_WARN_SUSPICIOUS_MOVE = YES;
				CLANG_WARN_UNGUARDED_AVAILABILITY = YES_AGGRESSIVE;
				CLANG_WARN_UNREACHABLE_CODE = YES;
				CLANG_WARN__DUPLICATE_METHOD_MATCH = YES;
				COPY_PHASE_STRIP = NO;
				DEBUG_INFORMATION_FORMAT = "dwarf-with-dsym";
				ENABLE_NS_ASSERTIONS = NO;
				ENABLE_STRICT_OBJC_MSGSEND = YES;
				GCC_C_LANGUAGE_STANDARD = gnu11;
				GCC_NO_COMMON_BLOCKS = YES;
				GCC_WARN_64_TO_32_BIT_CONVERSION = YES;
				GCC_WARN_ABOUT_RETURN_TYPE = YES_ERROR;
				GCC_WARN_UNDECLARED_SELECTOR = YES;
				GCC_WARN_UNINITIALIZED_AUTOS = YES_AGGRESSIVE;
				GCC_WARN_UNUSED_FUNCTION = YES;
				GCC_WARN_UNUSED_VARIABLE = YES;
				IPHONEOS_DEPLOYMENT_TARGET = 15.5;
				MTL_ENABLE_DEBUG_INFO = NO;
				MTL_FAST_MATH = YES;
				SDKROOT = iphoneos;
				SWIFT_COMPILATION_MODE = wholemodule;
				SWIFT_OPTIMIZATION_LEVEL = "-O";
				VALIDATE_PRODUCT = YES;
			};
			name = Release;
		};
		8F165F5128AE353000BC090E /* Debug */ = {
			isa = XCBuildConfiguration;
			buildSettings = {
				ASSETCATALOG_COMPILER_APPICON_NAME = AppIcon;
				ASSETCATALOG_COMPILER_GLOBAL_ACCENT_COLOR_NAME = AccentColor;
				CODE_SIGN_STYLE = Automatic;
				CURRENT_PROJECT_VERSION = 1;
				DEVELOPMENT_ASSET_PATHS = "\"ShinkeiSuijaku/Preview Content\"";
				DEVELOPMENT_TEAM = URR523CCSD;
				ENABLE_PREVIEWS = YES;
				GENERATE_INFOPLIST_FILE = YES;
				INFOPLIST_KEY_UIApplicationSceneManifest_Generation = YES;
				INFOPLIST_KEY_UIApplicationSupportsIndirectInputEvents = YES;
				INFOPLIST_KEY_UILaunchScreen_Generation = YES;
				INFOPLIST_KEY_UISupportedInterfaceOrientations_iPad = "UIInterfaceOrientationPortrait UIInterfaceOrientationPortraitUpsideDown UIInterfaceOrientationLandscapeLeft UIInterfaceOrientationLandscapeRight";
				INFOPLIST_KEY_UISupportedInterfaceOrientations_iPhone = "UIInterfaceOrientationPortrait UIInterfaceOrientationLandscapeLeft UIInterfaceOrientationLandscapeRight";
				LD_RUNPATH_SEARCH_PATHS = (
					"$(inherited)",
					"@executable_path/Frameworks",
				);
				MARKETING_VERSION = 1.0;
				PRODUCT_BUNDLE_IDENTIFIER = com.DrewIndeed.ShinkeiSuijaku;
				PRODUCT_NAME = "$(TARGET_NAME)";
				SWIFT_EMIT_LOC_STRINGS = YES;
				SWIFT_VERSION = 5.0;
				TARGETED_DEVICE_FAMILY = "1,2";
			};
			name = Debug;
		};
		8F165F5228AE353000BC090E /* Release */ = {
			isa = XCBuildConfiguration;
			buildSettings = {
				ASSETCATALOG_COMPILER_APPICON_NAME = AppIcon;
				ASSETCATALOG_COMPILER_GLOBAL_ACCENT_COLOR_NAME = AccentColor;
				CODE_SIGN_STYLE = Automatic;
				CURRENT_PROJECT_VERSION = 1;
				DEVELOPMENT_ASSET_PATHS = "\"ShinkeiSuijaku/Preview Content\"";
				DEVELOPMENT_TEAM = URR523CCSD;
				ENABLE_PREVIEWS = YES;
				GENERATE_INFOPLIST_FILE = YES;
				INFOPLIST_KEY_UIApplicationSceneManifest_Generation = YES;
				INFOPLIST_KEY_UIApplicationSupportsIndirectInputEvents = YES;
				INFOPLIST_KEY_UILaunchScreen_Generation = YES;
				INFOPLIST_KEY_UISupportedInterfaceOrientations_iPad = "UIInterfaceOrientationPortrait UIInterfaceOrientationPortraitUpsideDown UIInterfaceOrientationLandscapeLeft UIInterfaceOrientationLandscapeRight";
				INFOPLIST_KEY_UISupportedInterfaceOrientations_iPhone = "UIInterfaceOrientationPortrait UIInterfaceOrientationLandscapeLeft UIInterfaceOrientationLandscapeRight";
				LD_RUNPATH_SEARCH_PATHS = (
					"$(inherited)",
					"@executable_path/Frameworks",
				);
				MARKETING_VERSION = 1.0;
				PRODUCT_BUNDLE_IDENTIFIER = com.DrewIndeed.ShinkeiSuijaku;
				PRODUCT_NAME = "$(TARGET_NAME)";
				SWIFT_EMIT_LOC_STRINGS = YES;
				SWIFT_VERSION = 5.0;
				TARGETED_DEVICE_FAMILY = "1,2";
			};
			name = Release;
		};
/* End XCBuildConfiguration section */

/* Begin XCConfigurationList section */
		8F165F3828AE352D00BC090E /* Build configuration list for PBXProject "ShinkeiSuijaku" */ = {
			isa = XCConfigurationList;
			buildConfigurations = (
				8F165F4E28AE353000BC090E /* Debug */,
				8F165F4F28AE353000BC090E /* Release */,
			);
			defaultConfigurationIsVisible = 0;
			defaultConfigurationName = Release;
		};
		8F165F5028AE353000BC090E /* Build configuration list for PBXNativeTarget "ShinkeiSuijaku" */ = {
			isa = XCConfigurationList;
			buildConfigurations = (
				8F165F5128AE353000BC090E /* Debug */,
				8F165F5228AE353000BC090E /* Release */,
			);
			defaultConfigurationIsVisible = 0;
			defaultConfigurationName = Release;
		};
/* End XCConfigurationList section */

/* Begin XCVersionGroup section */
		8F165F4B28AE353000BC090E /* ShinkeiSuijaku.xcdatamodeld */ = {
			isa = XCVersionGroup;
			children = (
				8F165F4C28AE353000BC090E /* ShinkeiSuijaku.xcdatamodel */,
			);
			currentVersion = 8F165F4C28AE353000BC090E /* ShinkeiSuijaku.xcdatamodel */;
			path = ShinkeiSuijaku.xcdatamodeld;
			sourceTree = "<group>";
			versionGroupType = wrapper.xcdatamodel;
		};
/* End XCVersionGroup section */
	};
	rootObject = 8F165F3528AE352D00BC090E /* Project object */;
}
